// !$*UTF8*$!
{
	archiveVersion = 1;
	classes = {
	};
	objectVersion = 46;
	objects = {

/* Begin PBXBuildFile section */
		6C2CB313148FB7F10036F1A6 /* Foundation.framework in Frameworks */ = {isa = PBXBuildFile; fileRef = 6C2CB312148FB7F10036F1A6 /* Foundation.framework */; };
		6C2CB319148FB7F10036F1A6 /* UDPSocketiOSLibrary.m in Sources */ = {isa = PBXBuildFile; fileRef = 6C2CB318148FB7F10036F1A6 /* UDPSocketiOSLibrary.m */; };
		6C2CB320148FB81A0036F1A6 /* FlashRuntimeExtensions.h in Headers */ = {isa = PBXBuildFile; fileRef = 6C2CB31F148FB81A0036F1A6 /* FlashRuntimeExtensions.h */; };
		6C5057AD1491433C0095055C /* UDPSocketAdapter.h in Headers */ = {isa = PBXBuildFile; fileRef = 6C5057AB1491433C0095055C /* UDPSocketAdapter.h */; };
		6C5057AE1491433C0095055C /* UDPSocketAdapter.m in Sources */ = {isa = PBXBuildFile; fileRef = 6C5057AC1491433C0095055C /* UDPSocketAdapter.m */; };
		6C5057B1149145B40095055C /* AsyncUdpSocket.h in Headers */ = {isa = PBXBuildFile; fileRef = 6C5057AF149145B40095055C /* AsyncUdpSocket.h */; };
		6C5057B2149145B40095055C /* AsyncUdpSocket.m in Sources */ = {isa = PBXBuildFile; fileRef = 6C5057B0149145B40095055C /* AsyncUdpSocket.m */; };
		6C80B48214924CD8000ABF21 /* UDPPacket.h in Headers */ = {isa = PBXBuildFile; fileRef = 6C80B48014924CD8000ABF21 /* UDPPacket.h */; };
		6C80B48314924CD8000ABF21 /* UDPPacket.m in Sources */ = {isa = PBXBuildFile; fileRef = 6C80B48114924CD8000ABF21 /* UDPPacket.m */; };
/* End PBXBuildFile section */

/* Begin PBXFileReference section */
		6C2CB30F148FB7F00036F1A6 /* libUDPSocketiOSLibrary.a */ = {isa = PBXFileReference; explicitFileType = archive.ar; includeInIndex = 0; path = libUDPSocketiOSLibrary.a; sourceTree = BUILT_PRODUCTS_DIR; };
		6C2CB312148FB7F10036F1A6 /* Foundation.framework */ = {isa = PBXFileReference; lastKnownFileType = wrapper.framework; name = Foundation.framework; path = System/Library/Frameworks/Foundation.framework; sourceTree = SDKROOT; };
		6C2CB316148FB7F10036F1A6 /* UDPSocketiOSLibrary-Prefix.pch */ = {isa = PBXFileReference; lastKnownFileType = sourcecode.c.h; path = "UDPSocketiOSLibrary-Prefix.pch"; sourceTree = "<group>"; };
		6C2CB317148FB7F10036F1A6 /* UDPSocketiOSLibrary.h */ = {isa = PBXFileReference; lastKnownFileType = sourcecode.c.h; path = UDPSocketiOSLibrary.h; sourceTree = "<group>"; };
		6C2CB318148FB7F10036F1A6 /* UDPSocketiOSLibrary.m */ = {isa = PBXFileReference; lastKnownFileType = sourcecode.c.objc; path = UDPSocketiOSLibrary.m; sourceTree = "<group>"; };
		6C2CB31F148FB81A0036F1A6 /* FlashRuntimeExtensions.h */ = {isa = PBXFileReference; fileEncoding = 4; lastKnownFileType = sourcecode.c.h; path = FlashRuntimeExtensions.h; sourceTree = "<group>"; };
		6C5057AB1491433C0095055C /* UDPSocketAdapter.h */ = {isa = PBXFileReference; fileEncoding = 4; lastKnownFileType = sourcecode.c.h; path = UDPSocketAdapter.h; sourceTree = "<group>"; };
		6C5057AC1491433C0095055C /* UDPSocketAdapter.m */ = {isa = PBXFileReference; fileEncoding = 4; lastKnownFileType = sourcecode.c.objc; path = UDPSocketAdapter.m; sourceTree = "<group>"; };
		6C5057AF149145B40095055C /* AsyncUdpSocket.h */ = {isa = PBXFileReference; fileEncoding = 4; lastKnownFileType = sourcecode.c.h; path = AsyncUdpSocket.h; sourceTree = "<group>"; };
		6C5057B0149145B40095055C /* AsyncUdpSocket.m */ = {isa = PBXFileReference; fileEncoding = 4; lastKnownFileType = sourcecode.c.objc; path = AsyncUdpSocket.m; sourceTree = "<group>"; };
		6C80B48014924CD8000ABF21 /* UDPPacket.h */ = {isa = PBXFileReference; fileEncoding = 4; lastKnownFileType = sourcecode.c.h; path = UDPPacket.h; sourceTree = "<group>"; };
		6C80B48114924CD8000ABF21 /* UDPPacket.m */ = {isa = PBXFileReference; fileEncoding = 4; lastKnownFileType = sourcecode.c.objc; path = UDPPacket.m; sourceTree = "<group>"; };
/* End PBXFileReference section */

/* Begin PBXFrameworksBuildPhase section */
		6C2CB30C148FB7F00036F1A6 /* Frameworks */ = {
			isa = PBXFrameworksBuildPhase;
			buildActionMask = 2147483647;
			files = (
				6C2CB313148FB7F10036F1A6 /* Foundation.framework in Frameworks */,
			);
			runOnlyForDeploymentPostprocessing = 0;
		};
/* End PBXFrameworksBuildPhase section */

/* Begin PBXGroup section */
		6C2CB304148FB7F00036F1A6 = {
			isa = PBXGroup;
			children = (
				6C2CB314148FB7F10036F1A6 /* UDPSocketiOSLibrary */,
				6C2CB311148FB7F10036F1A6 /* Frameworks */,
				6C2CB310148FB7F00036F1A6 /* Products */,
			);
			sourceTree = "<group>";
		};
		6C2CB310148FB7F00036F1A6 /* Products */ = {
			isa = PBXGroup;
			children = (
				6C2CB30F148FB7F00036F1A6 /* libUDPSocketiOSLibrary.a */,
			);
			name = Products;
			sourceTree = "<group>";
		};
		6C2CB311148FB7F10036F1A6 /* Frameworks */ = {
			isa = PBXGroup;
			children = (
				6C2CB312148FB7F10036F1A6 /* Foundation.framework */,
			);
			name = Frameworks;
			sourceTree = "<group>";
		};
		6C2CB314148FB7F10036F1A6 /* UDPSocketiOSLibrary */ = {
			isa = PBXGroup;
			children = (
				6C5057AF149145B40095055C /* AsyncUdpSocket.h */,
				6C5057B0149145B40095055C /* AsyncUdpSocket.m */,
				6C2CB31F148FB81A0036F1A6 /* FlashRuntimeExtensions.h */,
				6C2CB317148FB7F10036F1A6 /* UDPSocketiOSLibrary.h */,
				6C2CB318148FB7F10036F1A6 /* UDPSocketiOSLibrary.m */,
				6C2CB315148FB7F10036F1A6 /* Supporting Files */,
				6C5057AB1491433C0095055C /* UDPSocketAdapter.h */,
				6C5057AC1491433C0095055C /* UDPSocketAdapter.m */,
				6C80B48014924CD8000ABF21 /* UDPPacket.h */,
				6C80B48114924CD8000ABF21 /* UDPPacket.m */,
			);
			path = UDPSocketiOSLibrary;
			sourceTree = "<group>";
		};
		6C2CB315148FB7F10036F1A6 /* Supporting Files */ = {
			isa = PBXGroup;
			children = (
				6C2CB316148FB7F10036F1A6 /* UDPSocketiOSLibrary-Prefix.pch */,
			);
			name = "Supporting Files";
			sourceTree = "<group>";
		};
/* End PBXGroup section */

/* Begin PBXHeadersBuildPhase section */
		6C2CB30D148FB7F00036F1A6 /* Headers */ = {
			isa = PBXHeadersBuildPhase;
			buildActionMask = 2147483647;
			files = (
				6C2CB320148FB81A0036F1A6 /* FlashRuntimeExtensions.h in Headers */,
				6C5057AD1491433C0095055C /* UDPSocketAdapter.h in Headers */,
				6C5057B1149145B40095055C /* AsyncUdpSocket.h in Headers */,
				6C80B48214924CD8000ABF21 /* UDPPacket.h in Headers */,
			);
			runOnlyForDeploymentPostprocessing = 0;
		};
/* End PBXHeadersBuildPhase section */

/* Begin PBXNativeTarget section */
		6C2CB30E148FB7F00036F1A6 /* UDPSocketiOSLibrary */ = {
			isa = PBXNativeTarget;
			buildConfigurationList = 6C2CB31C148FB7F10036F1A6 /* Build configuration list for PBXNativeTarget "UDPSocketiOSLibrary" */;
			buildPhases = (
				6C2CB30B148FB7F00036F1A6 /* Sources */,
				6C2CB30C148FB7F00036F1A6 /* Frameworks */,
				6C2CB30D148FB7F00036F1A6 /* Headers */,
			);
			buildRules = (
			);
			dependencies = (
			);
			name = UDPSocketiOSLibrary;
			productName = UDPSocketiOSLibrary;
			productReference = 6C2CB30F148FB7F00036F1A6 /* libUDPSocketiOSLibrary.a */;
			productType = "com.apple.product-type.library.static";
		};
/* End PBXNativeTarget section */

/* Begin PBXProject section */
		6C2CB306148FB7F00036F1A6 /* Project object */ = {
			isa = PBXProject;
			buildConfigurationList = 6C2CB309148FB7F00036F1A6 /* Build configuration list for PBXProject "UDPSocketiOSLibrary" */;
			compatibilityVersion = "Xcode 3.2";
			developmentRegion = English;
			hasScannedForEncodings = 0;
			knownRegions = (
				en,
			);
			mainGroup = 6C2CB304148FB7F00036F1A6;
			productRefGroup = 6C2CB310148FB7F00036F1A6 /* Products */;
			projectDirPath = "";
			projectRoot = "";
			targets = (
				6C2CB30E148FB7F00036F1A6 /* UDPSocketiOSLibrary */,
			);
		};
/* End PBXProject section */

/* Begin PBXSourcesBuildPhase section */
		6C2CB30B148FB7F00036F1A6 /* Sources */ = {
			isa = PBXSourcesBuildPhase;
			buildActionMask = 2147483647;
			files = (
				6C2CB319148FB7F10036F1A6 /* UDPSocketiOSLibrary.m in Sources */,
				6C5057AE1491433C0095055C /* UDPSocketAdapter.m in Sources */,
				6C5057B2149145B40095055C /* AsyncUdpSocket.m in Sources */,
				6C80B48314924CD8000ABF21 /* UDPPacket.m in Sources */,
			);
			runOnlyForDeploymentPostprocessing = 0;
		};
/* End PBXSourcesBuildPhase section */

/* Begin XCBuildConfiguration section */
		6C2CB31A148FB7F10036F1A6 /* Debug */ = {
			isa = XCBuildConfiguration;
			buildSettings = {
				ALWAYS_SEARCH_USER_PATHS = NO;
				ARCHS = "$(ARCHS_STANDARD_32_BIT)";
				COPY_PHASE_STRIP = NO;
				GCC_C_LANGUAGE_STANDARD = gnu99;
				GCC_DYNAMIC_NO_PIC = NO;
				GCC_OPTIMIZATION_LEVEL = 0;
				GCC_PREPROCESSOR_DEFINITIONS = (
					"DEBUG=1",
					"$(inherited)",
				);
				GCC_SYMBOLS_PRIVATE_EXTERN = NO;
				GCC_VERSION = com.apple.compilers.llvmgcc42;
				GCC_WARN_ABOUT_MISSING_PROTOTYPES = YES;
				GCC_WARN_ABOUT_RETURN_TYPE = YES;
				GCC_WARN_UNUSED_VARIABLE = YES;
				IPHONEOS_DEPLOYMENT_TARGET = 4.3;
				SDKROOT = iphoneos;
			};
			name = Debug;
		};
		6C2CB31B148FB7F10036F1A6 /* Release */ = {
			isa = XCBuildConfiguration;
			buildSettings = {
				ALWAYS_SEARCH_USER_PATHS = NO;
				ARCHS = "$(ARCHS_STANDARD_32_BIT)";
				COPY_PHASE_STRIP = YES;
				GCC_C_LANGUAGE_STANDARD = gnu99;
				GCC_VERSION = com.apple.compilers.llvmgcc42;
				GCC_WARN_ABOUT_MISSING_PROTOTYPES = YES;
				GCC_WARN_ABOUT_RETURN_TYPE = YES;
				GCC_WARN_UNUSED_VARIABLE = YES;
				IPHONEOS_DEPLOYMENT_TARGET = 4.3;
				SDKROOT = iphoneos;
				VALIDATE_PRODUCT = YES;
			};
			name = Release;
		};
		6C2CB31D148FB7F10036F1A6 /* Debug */ = {
			isa = XCBuildConfiguration;
			buildSettings = {
				DSTROOT = /tmp/UDPSocketiOSLibrary.dst;
				GCC_PRECOMPILE_PREFIX_HEADER = YES;
				GCC_PREFIX_HEADER = "UDPSocketiOSLibrary/UDPSocketiOSLibrary-Prefix.pch";
				GCC_VERSION = "";
				OTHER_LDFLAGS = "-ObjC";
				PRODUCT_NAME = "$(TARGET_NAME)";
				SKIP_INSTALL = YES;
			};
			name = Debug;
		};
		6C2CB31E148FB7F10036F1A6 /* Release */ = {
			isa = XCBuildConfiguration;
			buildSettings = {
				DSTROOT = /tmp/UDPSocketiOSLibrary.dst;
				GCC_PRECOMPILE_PREFIX_HEADER = YES;
				GCC_PREFIX_HEADER = "UDPSocketiOSLibrary/UDPSocketiOSLibrary-Prefix.pch";
				GCC_VERSION = "";
				OTHER_LDFLAGS = "-ObjC";
				PRODUCT_NAME = "$(TARGET_NAME)";
				SKIP_INSTALL = YES;
			};
			name = Release;
		};
/* End XCBuildConfiguration section */

/* Begin XCConfigurationList section */
		6C2CB309148FB7F00036F1A6 /* Build configuration list for PBXProject "UDPSocketiOSLibrary" */ = {
			isa = XCConfigurationList;
			buildConfigurations = (
				6C2CB31A148FB7F10036F1A6 /* Debug */,
				6C2CB31B148FB7F10036F1A6 /* Release */,
			);
			defaultConfigurationIsVisible = 0;
			defaultConfigurationName = Release;
		};
		6C2CB31C148FB7F10036F1A6 /* Build configuration list for PBXNativeTarget "UDPSocketiOSLibrary" */ = {
			isa = XCConfigurationList;
			buildConfigurations = (
				6C2CB31D148FB7F10036F1A6 /* Debug */,
				6C2CB31E148FB7F10036F1A6 /* Release */,
			);
			defaultConfigurationIsVisible = 0;
			defaultConfigurationName = Release;
		};
/* End XCConfigurationList section */
	};
	rootObject = 6C2CB306148FB7F00036F1A6 /* Project object */;
}
